{
  "name": "ehentaireader",
  "version": "1.0.0",
  "lockfileVersion": 2,
  "requires": true,
  "packages": {
    "": {
      "name": "ehentaireader",
      "version": "1.0.0",
      "license": "ISC",
      "dependencies": {
        "@sadais/piui-tool": "^0.0.26",
        "sadais-piui": "^1.2.7-beta40",
        "xmldom": "^0.6.0"
      }
    },
    "node_modules/@sadais/piui-tool": {
      "version": "0.0.26",
      "resolved": "https://registry.npmjs.org/@sadais/piui-tool/-/piui-tool-0.0.26.tgz",
      "integrity": "sha512-jKE6AqZj084PoIopiyBSUkkyG+bchM4fPzhExh/aAz+cTCFIpW3NRv8608h9bFZ0tldhnq/qtgzZMK6C9f1jdQ=="
    },
    "node_modules/sadais-piui": {
      "version": "1.2.7-beta40",
      "resolved": "https://registry.npmjs.org/sadais-piui/-/sadais-piui-1.2.7-beta40.tgz",
      "integrity": "sha512-nxz+7pLWSR2r6OVrRNkBjqjGrCUwJTGTgP87s6QWHOSVmLjZimDqyIHA3szPVwOyuAjaWEaaBXTRFlS/+YPOAg==",
      "peerDependencies": {
        "@sadais/piui-tool": ">=0.0.21"
      }
    },
    "node_modules/xmldom": {
      "version": "0.6.0",
      "resolved": "https://registry.npmjs.org/xmldom/-/xmldom-0.6.0.tgz",
      "integrity": "sha512-iAcin401y58LckRZ0TkI4k0VSM1Qg0KGSc3i8rU+xrxe19A/BN1zHyVSJY7uoutVlaTSzYyk/v5AmkewAP7jtg==",
      "engines": {
        "node": ">=10.0.0"
      }
    }
  },
  "dependencies": {
    "@sadais/piui-tool": {
      "version": "0.0.26",
      "resolved": "https://registry.npmjs.org/@sadais/piui-tool/-/piui-tool-0.0.26.tgz",
      "integrity": "sha512-jKE6AqZj084PoIopiyBSUkkyG+bchM4fPzhExh/aAz+cTCFIpW3NRv8608h9bFZ0tldhnq/qtgzZMK6C9f1jdQ=="
    },
    "sadais-piui": {
      "version": "1.2.7-beta40",
      "resolved": "https://registry.npmjs.org/sadais-piui/-/sadais-piui-1.2.7-beta40.tgz",
      "integrity": "sha512-nxz+7pLWSR2r6OVrRNkBjqjGrCUwJTGTgP87s6QWHOSVmLjZimDqyIHA3szPVwOyuAjaWEaaBXTRFlS/+YPOAg==",
      "requires": {}
    },
    "xmldom": {
      "version": "0.6.0",
      "resolved": "https://registry.npmjs.org/xmldom/-/xmldom-0.6.0.tgz",
      "integrity": "sha512-iAcin401y58LckRZ0TkI4k0VSM1Qg0KGSc3i8rU+xrxe19A/BN1zHyVSJY7uoutVlaTSzYyk/v5AmkewAP7jtg=="
    }
  }
}
